
Microsoft Visual Studio Solution File, Format Version 12.00
# Visual Studio Version 17
VisualStudioVersion = 17.8.34316.72
MinimumVisualStudioVersion = 10.0.40219.1
Project("{8BC9CEB8-8B4A-11D0-8D11-00A0C91BC942}") = "SLR_ReplayDB", "SLR_ReplayDB\SLR_ReplayDB.vcxproj", "{67F52F4B-A32B-4299-849F-35B0BB6DC7A0}"
EndProject
Project("{2150E333-8FDC-42A3-9474-1A3956D46DE8}") = "Solution Items", "Solution Items", "{BF28138C-8D25-474B-B3F0-156FD9B228B2}"
	ProjectSection(SolutionItems) = preProject
		Makefile = Makefile
	EndProjectSection
EndProject
Project("{8BC9CEB8-8B4A-11D0-8D11-00A0C91BC942}") = "SLR_ReplayParserWebV2", "SLR_ReplayParserWebV2\SLR_ReplayParserWebV2.vcxproj", "{D6917C0B-BAA4-4940-A4E9-EF343A87D444}"
EndProject
Project("{8BC9CEB8-8B4A-11D0-8D11-00A0C91BC942}") = "SLR_Tome", "SLR_Tome\SLR_Tome.vcxproj", "{96F66966-EAF9-4F63-82D2-1E2C736F1724}"
EndProject
Project("{8BC9CEB8-8B4A-11D0-8D11-00A0C91BC942}") = "SLR_Event_Cecker", "SLR_Event_Cecker\SLR_Event_Cecker.vcxproj", "{EAFD0430-5F07-4F7A-BE55-80386D16922B}"
EndProject
Project("{8BC9CEB8-8B4A-11D0-8D11-00A0C91BC942}") = "SLR_Lotto", "SLR_Lotto\SLR_Lotto.vcxproj", "{7B3D3976-2A53-468E-85C1-8C033570986B}"
EndProject
Project("{8BC9CEB8-8B4A-11D0-8D11-00A0C91BC942}") = "SLR_LivePVP", "SLR_LivePVP\SLR_LivePVP.vcxproj", "{4E2E8BAD-7C7F-48F4-9311-A5B075C6DB45}"
EndProject
Project("{8BC9CEB8-8B4A-11D0-8D11-00A0C91BC942}") = "SLR_Challonge", "SLR_Challonge\SLR_Challonge.vcxproj", "{0078A5DB-2826-4A82-94D6-4574F02EB64D}"
EndProject
Project("{8BC9CEB8-8B4A-11D0-8D11-00A0C91BC942}") = "SLR_Quiz", "SLR_Quiz\SLR_Quiz.vcxproj", "{3687C4AE-4E8E-4F9B-ABB4-2F23B036CA0B}"
EndProject
Global
	GlobalSection(SolutionConfigurationPlatforms) = preSolution
		Debug|x64 = Debug|x64
		Debug|x86 = Debug|x86
		Release|x64 = Release|x64
		Release|x86 = Release|x86
	EndGlobalSection
	GlobalSection(ProjectConfigurationPlatforms) = postSolution
		{67F52F4B-A32B-4299-849F-35B0BB6DC7A0}.Debug|x64.ActiveCfg = Debug|x64
		{67F52F4B-A32B-4299-849F-35B0BB6DC7A0}.Debug|x64.Build.0 = Debug|x64
		{67F52F4B-A32B-4299-849F-35B0BB6DC7A0}.Debug|x86.ActiveCfg = Debug|Win32
		{67F52F4B-A32B-4299-849F-35B0BB6DC7A0}.Debug|x86.Build.0 = Debug|Win32
		{67F52F4B-A32B-4299-849F-35B0BB6DC7A0}.Release|x64.ActiveCfg = Release|x64
		{67F52F4B-A32B-4299-849F-35B0BB6DC7A0}.Release|x64.Build.0 = Release|x64
		{67F52F4B-A32B-4299-849F-35B0BB6DC7A0}.Release|x86.ActiveCfg = Release|Win32
		{67F52F4B-A32B-4299-849F-35B0BB6DC7A0}.Release|x86.Build.0 = Release|Win32
		{D6917C0B-BAA4-4940-A4E9-EF343A87D444}.Debug|x64.ActiveCfg = Debug|x64
		{D6917C0B-BAA4-4940-A4E9-EF343A87D444}.Debug|x64.Build.0 = Debug|x64
		{D6917C0B-BAA4-4940-A4E9-EF343A87D444}.Debug|x86.ActiveCfg = Debug|Win32
		{D6917C0B-BAA4-4940-A4E9-EF343A87D444}.Debug|x86.Build.0 = Debug|Win32
		{D6917C0B-BAA4-4940-A4E9-EF343A87D444}.Release|x64.ActiveCfg = Release|x64
		{D6917C0B-BAA4-4940-A4E9-EF343A87D444}.Release|x64.Build.0 = Release|x64
		{D6917C0B-BAA4-4940-A4E9-EF343A87D444}.Release|x86.ActiveCfg = Release|Win32
		{D6917C0B-BAA4-4940-A4E9-EF343A87D444}.Release|x86.Build.0 = Release|Win32
		{96F66966-EAF9-4F63-82D2-1E2C736F1724}.Debug|x64.ActiveCfg = Debug|x64
		{96F66966-EAF9-4F63-82D2-1E2C736F1724}.Debug|x64.Build.0 = Debug|x64
		{96F66966-EAF9-4F63-82D2-1E2C736F1724}.Debug|x86.ActiveCfg = Debug|Win32
		{96F66966-EAF9-4F63-82D2-1E2C736F1724}.Debug|x86.Build.0 = Debug|Win32
		{96F66966-EAF9-4F63-82D2-1E2C736F1724}.Release|x64.ActiveCfg = Release|x64
		{96F66966-EAF9-4F63-82D2-1E2C736F1724}.Release|x64.Build.0 = Release|x64
		{96F66966-EAF9-4F63-82D2-1E2C736F1724}.Release|x86.ActiveCfg = Release|Win32
		{96F66966-EAF9-4F63-82D2-1E2C736F1724}.Release|x86.Build.0 = Release|Win32
		{EAFD0430-5F07-4F7A-BE55-80386D16922B}.Debug|x64.ActiveCfg = Debug|x64
		{EAFD0430-5F07-4F7A-BE55-80386D16922B}.Debug|x64.Build.0 = Debug|x64
		{EAFD0430-5F07-4F7A-BE55-80386D16922B}.Debug|x86.ActiveCfg = Debug|Win32
		{EAFD0430-5F07-4F7A-BE55-80386D16922B}.Debug|x86.Build.0 = Debug|Win32
		{EAFD0430-5F07-4F7A-BE55-80386D16922B}.Release|x64.ActiveCfg = Release|x64
		{EAFD0430-5F07-4F7A-BE55-80386D16922B}.Release|x64.Build.0 = Release|x64
		{EAFD0430-5F07-4F7A-BE55-80386D16922B}.Release|x86.ActiveCfg = Release|Win32
		{EAFD0430-5F07-4F7A-BE55-80386D16922B}.Release|x86.Build.0 = Release|Win32
		{7B3D3976-2A53-468E-85C1-8C033570986B}.Debug|x64.ActiveCfg = Debug|x64
		{7B3D3976-2A53-468E-85C1-8C033570986B}.Debug|x64.Build.0 = Debug|x64
		{7B3D3976-2A53-468E-85C1-8C033570986B}.Debug|x86.ActiveCfg = Debug|Win32
		{7B3D3976-2A53-468E-85C1-8C033570986B}.Debug|x86.Build.0 = Debug|Win32
		{7B3D3976-2A53-468E-85C1-8C033570986B}.Release|x64.ActiveCfg = Release|x64
		{7B3D3976-2A53-468E-85C1-8C033570986B}.Release|x64.Build.0 = Release|x64
		{7B3D3976-2A53-468E-85C1-8C033570986B}.Release|x86.ActiveCfg = Release|Win32
		{7B3D3976-2A53-468E-85C1-8C033570986B}.Release|x86.Build.0 = Release|Win32
		{4E2E8BAD-7C7F-48F4-9311-A5B075C6DB45}.Debug|x64.ActiveCfg = Debug|x64
		{4E2E8BAD-7C7F-48F4-9311-A5B075C6DB45}.Debug|x64.Build.0 = Debug|x64
		{4E2E8BAD-7C7F-48F4-9311-A5B075C6DB45}.Debug|x86.ActiveCfg = Debug|Win32
		{4E2E8BAD-7C7F-48F4-9311-A5B075C6DB45}.Debug|x86.Build.0 = Debug|Win32
		{4E2E8BAD-7C7F-48F4-9311-A5B075C6DB45}.Release|x64.ActiveCfg = Release|x64
		{4E2E8BAD-7C7F-48F4-9311-A5B075C6DB45}.Release|x64.Build.0 = Release|x64
		{4E2E8BAD-7C7F-48F4-9311-A5B075C6DB45}.Release|x86.ActiveCfg = Release|Win32
		{4E2E8BAD-7C7F-48F4-9311-A5B075C6DB45}.Release|x86.Build.0 = Release|Win32
		{0078A5DB-2826-4A82-94D6-4574F02EB64D}.Debug|x64.ActiveCfg = Debug|x64
		{0078A5DB-2826-4A82-94D6-4574F02EB64D}.Debug|x64.Build.0 = Debug|x64
		{0078A5DB-2826-4A82-94D6-4574F02EB64D}.Debug|x86.ActiveCfg = Debug|Win32
		{0078A5DB-2826-4A82-94D6-4574F02EB64D}.Debug|x86.Build.0 = Debug|Win32
		{0078A5DB-2826-4A82-94D6-4574F02EB64D}.Release|x64.ActiveCfg = Release|x64
		{0078A5DB-2826-4A82-94D6-4574F02EB64D}.Release|x64.Build.0 = Release|x64
		{0078A5DB-2826-4A82-94D6-4574F02EB64D}.Release|x86.ActiveCfg = Release|Win32
		{0078A5DB-2826-4A82-94D6-4574F02EB64D}.Release|x86.Build.0 = Release|Win32
		{3687C4AE-4E8E-4F9B-ABB4-2F23B036CA0B}.Debug|x64.ActiveCfg = Debug|x64
		{3687C4AE-4E8E-4F9B-ABB4-2F23B036CA0B}.Debug|x64.Build.0 = Debug|x64
		{3687C4AE-4E8E-4F9B-ABB4-2F23B036CA0B}.Debug|x86.ActiveCfg = Debug|Win32
		{3687C4AE-4E8E-4F9B-ABB4-2F23B036CA0B}.Debug|x86.Build.0 = Debug|Win32
		{3687C4AE-4E8E-4F9B-ABB4-2F23B036CA0B}.Release|x64.ActiveCfg = Release|x64
		{3687C4AE-4E8E-4F9B-ABB4-2F23B036CA0B}.Release|x64.Build.0 = Release|x64
		{3687C4AE-4E8E-4F9B-ABB4-2F23B036CA0B}.Release|x86.ActiveCfg = Release|Win32
		{3687C4AE-4E8E-4F9B-ABB4-2F23B036CA0B}.Release|x86.Build.0 = Release|Win32
	EndGlobalSection
	GlobalSection(SolutionProperties) = preSolution
		HideSolutionNode = FALSE
	EndGlobalSection
EndGlobal
