<?xml version="1.0" encoding="utf-8"?>
<Project ToolsVersion="4.0" xmlns="http://schemas.microsoft.com/developer/msbuild/2003">
  <ItemGroup>
    <Filter Include="Quelldateien">
      <UniqueIdentifier>{4FC737F1-C7A5-4376-A066-2A32D752A2FF}</UniqueIdentifier>
      <Extensions>cpp;c;cc;cxx;def;odl;idl;hpj;bat;asm;asmx</Extensions>
    </Filter>
    <Filter Include="Headerdateien">
      <UniqueIdentifier>{93995380-89BD-4b04-88EB-625FBE52EBFB}</UniqueIdentifier>
      <Extensions>h;hh;hpp;hxx;hm;inl;inc;xsd</Extensions>
    </Filter>
    <Filter Include="Ressourcendateien">
      <UniqueIdentifier>{67DA6AB6-F800-4c08-8B7A-83BB121AAD01}</UniqueIdentifier>
      <Extensions>rc;ico;cur;bmp;dlg;rc2;rct;bin;rgs;gif;jpg;jpeg;jpe;resx;tiff;tif;png;wav;mfcribbon-ms</Extensions>
    </Filter>
    <Filter Include="Quelldateien\WEB">
      <UniqueIdentifier>{3117e1d5-4a03-4acc-96b6-7604fc55fffa}</UniqueIdentifier>
    </Filter>
    <Filter Include="Headerdateien\WEB">
      <UniqueIdentifier>{e29618f7-1030-4463-88bb-84e2013616e9}</UniqueIdentifier>
    </Filter>
    <Filter Include="Quelldateien\Tome">
      <UniqueIdentifier>{fcd69564-3654-4546-a065-9b75f56969df}</UniqueIdentifier>
    </Filter>
    <Filter Include="Headerdateien\Tome">
      <UniqueIdentifier>{d5545c3d-e430-4b48-b43a-c64b8397e143}</UniqueIdentifier>
    </Filter>
    <Filter Include="Quelldateien\Analyer">
      <UniqueIdentifier>{8a272779-6696-467a-90fb-910898d1527a}</UniqueIdentifier>
    </Filter>
    <Filter Include="Headerdateien\Analyser">
      <UniqueIdentifier>{8c386746-eba8-42dd-8fbc-5b55f8356e08}</UniqueIdentifier>
    </Filter>
  </ItemGroup>
  <ItemGroup>
    <Text Include="ReadMe.txt" />
  </ItemGroup>
  <ItemGroup>
    <ClCompile Include="..\src\WEB\WEB_Main.cpp">
      <Filter>Quelldateien\WEB</Filter>
    </ClCompile>
    <ClCompile Include="..\src\WEB\WEB_Server.cpp">
      <Filter>Quelldateien\WEB</Filter>
    </ClCompile>
    <ClCompile Include="..\src\Broker.cpp">
      <Filter>Quelldateien</Filter>
    </ClCompile>
    <ClCompile Include="..\src\DEBUG.cpp">
      <Filter>Quelldateien</Filter>
    </ClCompile>
    <ClCompile Include="..\src\Utility.cpp">
      <Filter>Quelldateien</Filter>
    </ClCompile>
    <ClCompile Include="..\src\Thread_MIS.cpp">
      <Filter>Quelldateien</Filter>
    </ClCompile>
    <ClCompile Include="..\src\CardBaseSMJ.cpp">
      <Filter>Quelldateien</Filter>
    </ClCompile>
    <ClCompile Include="..\src\LOAD.cpp">
      <Filter>Quelldateien</Filter>
    </ClCompile>
    <ClCompile Include="..\src\WEB_Tome\WEB_Container_Tome.cpp">
      <Filter>Quelldateien\Tome</Filter>
    </ClCompile>
    <ClCompile Include="..\src\WEB_Tome\WEB_Tome_Login.cpp">
      <Filter>Quelldateien\Tome</Filter>
    </ClCompile>
    <ClCompile Include="..\src\WEB_Tome\WEB_Tome_Admin.cpp">
      <Filter>Quelldateien\Tome</Filter>
    </ClCompile>
    <ClCompile Include="..\src\WEB_Tome\WEB_Tome_Player.cpp">
      <Filter>Quelldateien\Tome</Filter>
    </ClCompile>
    <ClCompile Include="..\src\WEB_Tome\WEB_Tome_Public.cpp">
      <Filter>Quelldateien\Tome</Filter>
    </ClCompile>
    <ClCompile Include="..\src\WEB\WEB_Toolbar.cpp">
      <Filter>Quelldateien\WEB</Filter>
    </ClCompile>
    <ClCompile Include="..\src\WEB\WEB_Utility.cpp">
      <Filter>Quelldateien\WEB</Filter>
    </ClCompile>
    <ClCompile Include="..\src\WEB_Tome\Tome_Game.cpp">
      <Filter>Quelldateien\Tome</Filter>
    </ClCompile>
    <ClCompile Include="..\src\WEB_Tome\WEB_Tome_Debug.cpp">
      <Filter>Quelldateien\Tome</Filter>
    </ClCompile>
    <ClCompile Include="..\src\WEB_Tome\WEB_Tome_PublicBoosters.cpp">
      <Filter>Quelldateien\Tome</Filter>
    </ClCompile>
    <ClCompile Include="..\src\WEB_Tome\WEB_Tome_PublicPlayers.cpp">
      <Filter>Quelldateien\Tome</Filter>
    </ClCompile>
    <ClCompile Include="..\src\WEB_Tome\WEB_Tome_PublicPlayersBooster.cpp">
      <Filter>Quelldateien\Tome</Filter>
    </ClCompile>
    <ClCompile Include="..\src\WEB_Tome\WEB_Tome_Leave.cpp">
      <Filter>Quelldateien\Tome</Filter>
    </ClCompile>
    <ClCompile Include="..\src\WEB_Analyser\WEB_Analyser.cpp">
      <Filter>Quelldateien\Analyer</Filter>
    </ClCompile>
    <ClCompile Include="..\src\Reader.cpp">
      <Filter>Quelldateien</Filter>
    </ClCompile>
    <ClCompile Include="..\src\Replay.cpp">
      <Filter>Quelldateien</Filter>
    </ClCompile>
    <ClCompile Include="..\SLR_Tome.cpp" />
    <ClCompile Include="..\src\WEB_Tome\WEB_Tome_PublicCards.cpp">
      <Filter>Quelldateien\Tome</Filter>
    </ClCompile>
  </ItemGroup>
  <ItemGroup>
    <ClInclude Include="..\incl\WEB\WEB_Main.h">
      <Filter>Headerdateien\WEB</Filter>
    </ClInclude>
    <ClInclude Include="..\incl\WEB\WEB_Server.h">
      <Filter>Headerdateien\WEB</Filter>
    </ClInclude>
    <ClInclude Include="..\incl\Broker.h">
      <Filter>Headerdateien</Filter>
    </ClInclude>
    <ClInclude Include="..\incl\DEBUG.h">
      <Filter>Headerdateien</Filter>
    </ClInclude>
    <ClInclude Include="..\incl\Utility.h">
      <Filter>Headerdateien</Filter>
    </ClInclude>
    <ClInclude Include="..\incl\Thread_MIS.h">
      <Filter>Headerdateien</Filter>
    </ClInclude>
    <ClInclude Include="..\incl\CardBaseSMJ.h">
      <Filter>Headerdateien</Filter>
    </ClInclude>
    <ClInclude Include="..\incl\LOAD.h">
      <Filter>Headerdateien</Filter>
    </ClInclude>
    <ClInclude Include="..\incl\WEB_Tome\WEB_Container_Tome.h">
      <Filter>Headerdateien\Tome</Filter>
    </ClInclude>
    <ClInclude Include="..\incl\WEB_Tome\WEB_Tome_Login.h">
      <Filter>Headerdateien\Tome</Filter>
    </ClInclude>
    <ClInclude Include="..\incl\WEB_Tome\WEB_Tome_Admin.h">
      <Filter>Headerdateien\Tome</Filter>
    </ClInclude>
    <ClInclude Include="..\incl\WEB_Tome\WEB_Tome_Player.h">
      <Filter>Headerdateien\Tome</Filter>
    </ClInclude>
    <ClInclude Include="..\incl\WEB_Tome\WEB_Tome_Public.h">
      <Filter>Headerdateien\Tome</Filter>
    </ClInclude>
    <ClInclude Include="..\incl\WEB\WEB_Utility.h">
      <Filter>Headerdateien\WEB</Filter>
    </ClInclude>
    <ClInclude Include="..\incl\WEB\WEB_Toolbar.h">
      <Filter>Headerdateien\WEB</Filter>
    </ClInclude>
    <ClInclude Include="..\incl\WEB_Tome\Tome_Game.h">
      <Filter>Headerdateien\Tome</Filter>
    </ClInclude>
    <ClInclude Include="..\incl\DataTypes.h">
      <Filter>Headerdateien</Filter>
    </ClInclude>
    <ClInclude Include="..\incl\WEB_Tome\WEB_Tome_Debug.h">
      <Filter>Headerdateien\Tome</Filter>
    </ClInclude>
    <ClInclude Include="..\incl\WEB_Tome\WEB_Tome_PublicBoosters.h">
      <Filter>Headerdateien\Tome</Filter>
    </ClInclude>
    <ClInclude Include="..\incl\WEB_Tome\WEB_Tome_PublicPlayers.h">
      <Filter>Headerdateien\Tome</Filter>
    </ClInclude>
    <ClInclude Include="..\incl\WEB_Tome\WEB_Tome_PublicPlayersBooster.h">
      <Filter>Headerdateien\Tome</Filter>
    </ClInclude>
    <ClInclude Include="..\incl\WEB_Tome\WEB_Tome_Leave.h">
      <Filter>Headerdateien\Tome</Filter>
    </ClInclude>
    <ClInclude Include="..\incl\WEB_Analyser\WEB_Analyser.h">
      <Filter>Headerdateien\Analyser</Filter>
    </ClInclude>
    <ClInclude Include="..\incl\Reader.h">
      <Filter>Headerdateien</Filter>
    </ClInclude>
    <ClInclude Include="..\incl\Replay.h">
      <Filter>Headerdateien</Filter>
    </ClInclude>
    <ClInclude Include="..\incl\WEB_Tome\WEB_Tome_PublicCards.h">
      <Filter>Headerdateien\Tome</Filter>
    </ClInclude>
  </ItemGroup>
</Project>