<?xml version="1.0" encoding="utf-8"?>
<Project ToolsVersion="4.0" xmlns="http://schemas.microsoft.com/developer/msbuild/2003">
  <ItemGroup>
    <Filter Include="Quelldateien">
      <UniqueIdentifier>{4FC737F1-C7A5-4376-A066-2A32D752A2FF}</UniqueIdentifier>
      <Extensions>cpp;c;cc;cxx;def;odl;idl;hpj;bat;asm;asmx</Extensions>
    </Filter>
    <Filter Include="Headerdateien">
      <UniqueIdentifier>{93995380-89BD-4b04-88EB-625FBE52EBFB}</UniqueIdentifier>
      <Extensions>h;hh;hpp;hxx;hm;inl;inc;xsd</Extensions>
    </Filter>
    <Filter Include="Ressourcendateien">
      <UniqueIdentifier>{67DA6AB6-F800-4c08-8B7A-83BB121AAD01}</UniqueIdentifier>
      <Extensions>rc;ico;cur;bmp;dlg;rc2;rct;bin;rgs;gif;jpg;jpeg;jpe;resx;tiff;tif;png;wav;mfcribbon-ms</Extensions>
    </Filter>
    <Filter Include="Quelldateien\WEB">
      <UniqueIdentifier>{0d78bca8-b505-4d62-ad8a-3d67a5dd808b}</UniqueIdentifier>
    </Filter>
    <Filter Include="Headerdateien\WEB">
      <UniqueIdentifier>{3d79b13d-511b-47e1-8537-e0b8509943d8}</UniqueIdentifier>
    </Filter>
    <Filter Include="Headerdateien\Lotto">
      <UniqueIdentifier>{356b5e17-5809-486c-abff-99913e52e2e7}</UniqueIdentifier>
    </Filter>
    <Filter Include="Quelldateien\Lotto">
      <UniqueIdentifier>{7caf374a-45b3-493c-91a2-b0e50d2ceb5a}</UniqueIdentifier>
    </Filter>
  </ItemGroup>
  <ItemGroup>
    <Text Include="ReadMe.txt" />
  </ItemGroup>
  <ItemGroup>
    <ClCompile Include="..\src\Broker.cpp">
      <Filter>Quelldateien</Filter>
    </ClCompile>
    <ClCompile Include="..\src\DEBUG.cpp">
      <Filter>Quelldateien</Filter>
    </ClCompile>
    <ClCompile Include="..\src\LOAD.cpp">
      <Filter>Quelldateien</Filter>
    </ClCompile>
    <ClCompile Include="..\src\Reader.cpp">
      <Filter>Quelldateien</Filter>
    </ClCompile>
    <ClCompile Include="..\src\Replay.cpp">
      <Filter>Quelldateien</Filter>
    </ClCompile>
    <ClCompile Include="..\src\Thread_MIS.cpp">
      <Filter>Quelldateien</Filter>
    </ClCompile>
    <ClCompile Include="..\src\Utility.cpp">
      <Filter>Quelldateien</Filter>
    </ClCompile>
    <ClCompile Include="..\src\WEB\WEB_Main.cpp">
      <Filter>Quelldateien\WEB</Filter>
    </ClCompile>
    <ClCompile Include="..\src\WEB\WEB_Toolbar.cpp">
      <Filter>Quelldateien\WEB</Filter>
    </ClCompile>
    <ClCompile Include="..\src\WEB\WEB_Utility.cpp">
      <Filter>Quelldateien\WEB</Filter>
    </ClCompile>
    <ClCompile Include="..\src\CardBaseSMJ.cpp">
      <Filter>Quelldateien</Filter>
    </ClCompile>
    <ClCompile Include="..\src\WEB\WEB_Server.cpp">
      <Filter>Quelldateien\WEB</Filter>
    </ClCompile>
    <ClCompile Include="..\src\WEB_Lotto\WEB_Container_Lotto.cpp">
      <Filter>Quelldateien\Lotto</Filter>
    </ClCompile>
    <ClCompile Include="..\src\SQL_MIS_New.cpp">
      <Filter>Quelldateien</Filter>
    </ClCompile>
    <ClCompile Include="..\src\PMV_to_SQL.cpp">
      <Filter>Quelldateien</Filter>
    </ClCompile>
    <ClCompile Include="..\SLR_Lotto.cpp" />
  </ItemGroup>
  <ItemGroup>
    <ClInclude Include="..\incl\Broker.h">
      <Filter>Headerdateien</Filter>
    </ClInclude>
    <ClInclude Include="..\incl\DEBUG.h">
      <Filter>Headerdateien</Filter>
    </ClInclude>
    <ClInclude Include="..\incl\LOAD.h">
      <Filter>Headerdateien</Filter>
    </ClInclude>
    <ClInclude Include="..\incl\Replay.h">
      <Filter>Headerdateien</Filter>
    </ClInclude>
    <ClInclude Include="..\incl\Reader.h">
      <Filter>Headerdateien</Filter>
    </ClInclude>
    <ClInclude Include="..\incl\Thread_MIS.h">
      <Filter>Headerdateien</Filter>
    </ClInclude>
    <ClInclude Include="..\incl\Utility.h">
      <Filter>Headerdateien</Filter>
    </ClInclude>
    <ClInclude Include="..\incl\WEB\WEB_Main.h">
      <Filter>Headerdateien\WEB</Filter>
    </ClInclude>
    <ClInclude Include="..\incl\WEB\WEB_Toolbar.h">
      <Filter>Headerdateien\WEB</Filter>
    </ClInclude>
    <ClInclude Include="..\incl\WEB\WEB_Utility.h">
      <Filter>Headerdateien\WEB</Filter>
    </ClInclude>
    <ClInclude Include="..\incl\CardBaseSMJ.h">
      <Filter>Headerdateien</Filter>
    </ClInclude>
    <ClInclude Include="..\incl\DataTypes.h">
      <Filter>Headerdateien</Filter>
    </ClInclude>
    <ClInclude Include="..\incl\WEB\WEB_Server.h">
      <Filter>Headerdateien\WEB</Filter>
    </ClInclude>
    <ClInclude Include="..\incl\WEB_Lotto\WEB_Container_Lotto.h">
      <Filter>Headerdateien\Lotto</Filter>
    </ClInclude>
    <ClInclude Include="..\incl\SQL_MIS_New.h">
      <Filter>Headerdateien</Filter>
    </ClInclude>
    <ClInclude Include="..\incl\PMV_to_SQL.h">
      <Filter>Headerdateien</Filter>
    </ClInclude>
  </ItemGroup>
</Project>